
Microsoft Visual Studio Solution File, Format Version 12.00
# Visual Studio 2017
Project("{FAE04EC0-301F-11D3-BF4B-00C04F79EFBC}") = "fatguy", "fatguy.csproj", "{A7405C74-9FFD-E998-ED69-D0065D2A8C76}"
EndProject
Project("{FAE04EC0-301F-11D3-BF4B-00C04F79EFBC}") = "fatguy.Plugins", "fatguy.Plugins.csproj", "{23314CFF-611E-9F37-2646-3D990A80A55D}"
EndProject
Project("{FAE04EC0-301F-11D3-BF4B-00C04F79EFBC}") = "fatguy.Editor", "fatguy.Editor.csproj", "{30DCE233-A60B-00DD-8171-D89BB6A31B90}"
EndProject
Global
	GlobalSection(SolutionConfigurationPlatforms) = preSolution
		Debug|Any CPU = Debug|Any CPU
		Release|Any CPU = Release|Any CPU
	EndGlobalSection
	GlobalSection(ProjectConfigurationPlatforms) = postSolution
		{A7405C74-9FFD-E998-ED69-D0065D2A8C76}.Debug|Any CPU.ActiveCfg = Debug|Any CPU
		{A7405C74-9FFD-E998-ED69-D0065D2A8C76}.Debug|Any CPU.Build.0 = Debug|Any CPU
		{A7405C74-9FFD-E998-ED69-D0065D2A8C76}.Release|Any CPU.ActiveCfg = Release|Any CPU
		{A7405C74-9FFD-E998-ED69-D0065D2A8C76}.Release|Any CPU.Build.0 = Release|Any CPU
		{23314CFF-611E-9F37-2646-3D990A80A55D}.Debug|Any CPU.ActiveCfg = Debug|Any CPU
		{23314CFF-611E-9F37-2646-3D990A80A55D}.Debug|Any CPU.Build.0 = Debug|Any CPU
		{23314CFF-611E-9F37-2646-3D990A80A55D}.Release|Any CPU.ActiveCfg = Release|Any CPU
		{23314CFF-611E-9F37-2646-3D990A80A55D}.Release|Any CPU.Build.0 = Release|Any CPU
		{30DCE233-A60B-00DD-8171-D89BB6A31B90}.Debug|Any CPU.ActiveCfg = Debug|Any CPU
		{30DCE233-A60B-00DD-8171-D89BB6A31B90}.Debug|Any CPU.Build.0 = Debug|Any CPU
		{30DCE233-A60B-00DD-8171-D89BB6A31B90}.Release|Any CPU.ActiveCfg = Release|Any CPU
		{30DCE233-A60B-00DD-8171-D89BB6A31B90}.Release|Any CPU.Build.0 = Release|Any CPU
	EndGlobalSection
	GlobalSection(SolutionProperties) = preSolution
		HideSolutionNode = FALSE
	EndGlobalSection
EndGlobal
